PODS:
  - Alamofire (4.4.0)
  - Gloss (1.2.1)
  - JGProgressHUD (1.4)

DEPENDENCIES:
  - Alamofire
  - Gloss
  - JGProgressHUD

SPEC CHECKSUMS:
  Alamofire: dc44b1600b800eb63da6a19039a0083d62a6a62d
  Gloss: 9ab33b8ede01e4232571d43a6bf9259b85d1de69
  JGProgressHUD: 1617b0940cf80bb53e8f7d6f0fd69252ea45d6d4

PODFILE CHECKSUM: 1dc4c7ff3fd0b371cf6b80ff34de6c3b73e77c94

COCOAPODS: 1.2.0.beta.1
